
Microsoft Visual Studio Solution File, Format Version 12.00
# Visual Studio Version 17
VisualStudioVersion = 17.9.34622.214
MinimumVisualStudioVersion = 10.0.40219.1
Project("{888888A0-9F3D-457C-B088-3A5042F75D52}") = "Network Sniffer", "Network Sniffer.pyproj", "{94823AEA-9299-4442-8883-6B9D37BB2488}"
EndProject
Global
	GlobalSection(SolutionConfigurationPlatforms) = preSolution
		Debug|Any CPU = Debug|Any CPU
		Release|Any CPU = Release|Any CPU
	EndGlobalSection
	GlobalSection(ProjectConfigurationPlatforms) = postSolution
		{94823AEA-9299-4442-8883-6B9D37BB2488}.Debug|Any CPU.ActiveCfg = Debug|Any CPU
		{94823AEA-9299-4442-8883-6B9D37BB2488}.Release|Any CPU.ActiveCfg = Release|Any CPU
	EndGlobalSection
	GlobalSection(SolutionProperties) = preSolution
		HideSolutionNode = FALSE
	EndGlobalSection
	GlobalSection(ExtensibilityGlobals) = postSolution
		SolutionGuid = {88CDBCCC-486C-4CC1-A0C4-28D28428CD1A}
	EndGlobalSection
EndGlobal
